dependencies:
- name: mongodb
  repository: https://charts.bitnami.com/bitnami
  version: 13.6.7
- name: mariadb
  repository: https://charts.bitnami.com/bitnami
  version: 11.4.6
- name: postgresql
  repository: https://charts.bitnami.com/bitnami
  version: 11.8.1
- name: neo4j
  repository: https://helm.neo4j.com/neo4j
  version: 5.10.0
- name: couchdb
  repository: https://apache.github.io/couchdb-helm
  version: 4.4.3
digest: sha256:e5bfc6023a5e9f7757eef9d885214d1eb2dbaf15574c5570732f185a3ae00c2d
generated: "2023-10-09T16:39:49.7822-06:00"
