{
  "version": 4,
  "terraform_version": "1.5.7",
  "serial": 845,
  "lineage": "c9accc38-e937-17a2-e6aa-e3739da24c16",
  "outputs": {
    "vm01_connect": {
      "value": "ssh -i ssh/db2 ubuntu@164.152.105.114",
      "type": "string"
    },
    "vm02_connect": {
      "value": "ssh -i ssh/db2 ubuntu@207.211.180.39",
      "type": "string"
    }
  },
  "resources": [
    {
      "mode": "data",
      "type": "cloudinit_config",
      "name": "vm01",
      "provider": "provider[\"registry.terraform.io/hashicorp/cloudinit\"]",
      "instances": [
        {
          "schema_version": 0,
          "attributes": {
            "base64_encode": true,
            "boundary": "MIMEBOUNDARY",
            "gzip": true,
            "id": "928685524",
            "part": [
              {
                "content": "#!/bin/bash\r\n\r\napt-get update\r\napt-get -y upgrade\r\napt-get -y install pip\r\napt-get remove  -y docker.io\r\napt-get remove  -y docker-doc\r\napt-get remove  -y docker-compose\r\napt-get remove  -y podman-docker\r\napt-get remove  -y containerd\r\napt-get remove  -y runc\r\napt-get remove  -y docker\r\napt-get install ca-certificates curl gnupg -y\r\napt-get install unzip -y\r\ninstall -m 0755 -d /etc/apt/keyrings\r\ncurl -fsSL https://download.docker.com/linux/ubuntu/gpg |  gpg --dearmor -o /etc/apt/keyrings/docker.gpg\r\nchmod a+r /etc/apt/keyrings/docker.gpg\r\necho \"deb [arch=\"$(dpkg --print-architecture)\" signed-by=/etc/apt/keyrings/docker.gpg] https://download.docker.com/linux/ubuntu \"$(. /etc/os-release \u0026\u0026 echo \"$VERSION_CODENAME\")\" stable\" | tee /etc/apt/sources.list.d/docker.list \u003e /dev/null\r\napt-get update -y\r\napt-get install docker-ce docker-ce-cli containerd.io docker-buildx-plugin docker-compose-plugin -y\r\ndocker run -d -p 80:5000 --name apimongo aaronortijimn/apimongo",
                "content_type": "text/x-shellscript",
                "filename": null,
                "merge_type": null
              }
            ],
            "rendered": "H4sIAAAAAAAA/4xUYWsTQRD9fpD/MJ6lVGSy8UOpRCrUNh8KpoVWCyIie7vTy9i93WV3tibSHy/XNKa2Ifrpbt57vDd79+6Ogxfygp8WkcbQFSccdRLV8ZzsO2hC8VanxWE9PZ1OPpx/Pjs5uvhSV/2EV5QyBz+GN8PRoBpUiI9Fg+qPd9I+X1PCiTfBsm/HcNCwPBLchwvNRc0xz8i5bBJHGVRT7uhZzssXqmGvGp1n/aijYEsCJVottJ5xASW2Sdu/MfZZtHMQOa7xRF24Jeh5G8wNpSGHLSzaYLbRJnQxZNooicF22uNSuVFhghfNnpLdSKfit4WvqdVJjUZDSfiajRbKYEpy0PoSW8DFc3nxvzjeMysEOxgd7O8DWlAkRuko6oYWiX2bB9W9HV7ny48wE4l5rJQNP70L2g4fHqYJnXLsy1yVpngpqo0t3AH0F0RLOnUhAYbn9urBoY3toDKzLljQr9M/dGRmAWpLDXzVycwO6509G2/6qJjYC/YgCxkpiV7VkLn1ZLFZHG6z/fbfp4N6Z2+4XDFkTORIZ4LdXVjutXM1ubg8PT/7fnx+Mjk7mk7qfgfRjaMa7kCI1sfLoSRDeeg4y9CutukneA/K0q3yxbmn38DG17qqJq3v0Dh+1LYhhxXXFHZ2jtGVlv2TVq/QPmTJ9JXsy4ER3o7G+6PRCBC97gh05C74NoDWKfiQhH9w59UKfvrPQBxUvwMAAP//RlBkFpIEAAA="
          },
          "sensitive_attributes": []
        }
      ]
    },
    {
      "mode": "data",
      "type": "cloudinit_config",
      "name": "vm02",
      "provider": "provider[\"registry.terraform.io/hashicorp/cloudinit\"]",
      "instances": [
        {
          "schema_version": 0,
          "attributes": {
            "base64_encode": true,
            "boundary": "MIMEBOUNDARY",
            "gzip": true,
            "id": "1896853674",
            "part": [
              {
                "content": "#!/bin/bash\r\n\r\napt-get update\r\napt-get -y upgrade\r\napt-get -y install pip\r\napt-get remove  -y docker.io\r\napt-get remove  -y docker-doc\r\napt-get remove  -y docker-compose\r\napt-get remove  -y podman-docker\r\napt-get remove  -y containerd\r\napt-get remove  -y runc\r\napt-get remove  -y docker\r\napt-get install ca-certificates curl gnupg -y\r\napt-get install unzip -y\r\ninstall -m 0755 -d /etc/apt/keyrings\r\ncurl -fsSL https://download.docker.com/linux/ubuntu/gpg |  gpg --dearmor -o /etc/apt/keyrings/docker.gpg\r\nchmod a+r /etc/apt/keyrings/docker.gpg\r\necho \"deb [arch=\"$(dpkg --print-architecture)\" signed-by=/etc/apt/keyrings/docker.gpg] https://download.docker.com/linux/ubuntu \"$(. /etc/os-release \u0026\u0026 echo \"$VERSION_CODENAME\")\" stable\" | tee /etc/apt/sources.list.d/docker.list \u003e /dev/null\r\napt-get update -y\r\napt-get install docker-ce docker-ce-cli containerd.io docker-buildx-plugin docker-compose-plugin -y\r\ndocker run -d --name loader_container orantoon/loader",
                "content_type": "text/x-shellscript",
                "filename": null,
                "merge_type": null
              }
            ],
            "rendered": "H4sIAAAAAAAA/4xU0UocSxB9H9h/qDtXxMulps2DCBsMGN0HIaugiRBCkJ7ucraxp7rprja7wY8P47qu0WWTp5mqczinqudMnwQWYsHPi0hj6IsXF3US1bs52ffQhsJWp8VRPT2bTj5efDk/Pb78WldDhdeUsgs8hnfN/qgaVYgvSaPqWTtpzreUcMImWMfdGA5bJy8Ij+ZCc1FzzDPyPpvkooyqqevpjc+//6jWsWp1ng2ljoIdCZRotdC6xgWU2CVtf+85zqK9h+jiup+oD/cEA26DuaPUuLAFRRvMNtiEPoZMGykx2F4zLpkbGSawaMeU7EY4Fd5mvoZWmxqNhpK4W2e0UAZTkoeOS+wAF2/phX+6+IisOtjD/uHBAaAFRWKUjqLuaJEcd3lUPcrhbb76BDORmMdK2fCDfdC2eTpME3rlHZe5Km1hKaqLHTwADA9ESzr1IQGGt/LqSaGL3agysz5Y0P+nP/DIzALUllr4ppOZHdU7ezbeDVYxORYcmk7ISEn0Xw3ZdUwW28XRNtnvf70d1Dt7zXLEkDGRJ50JdndhOdfO9eTy6uzi/Obk4nRyfjyd1MMMoltPNTyAEK3Xy6EkQ7nxLktjV9MMFXwAZelecfH+9T+w8bOuoknrNzTevUhb48IKa4vzdo7Rl87xq1SvuoPJEhkiOYQDkXVPMJwNpZtnYQhJs4TAaom8vikQR9WvAAAA///nyxA0iAQAAA=="
          },
          "sensitive_attributes": []
        }
      ]
    },
    {
      "mode": "data",
      "type": "oci_identity_availability_domains",
      "name": "ads",
      "provider": "provider[\"registry.terraform.io/oracle/oci\"]",
      "instances": [
        {
          "schema_version": 0,
          "attributes": {
            "availability_domains": [
              {
                "compartment_id": "ocid1.tenancy.oc1..aaaaaaaa22p5zz37ti2o4fo4wgid5iqaekkaxnykgycssznueu4kfz5272uq",
                "id": "ocid1.availabilitydomain.oc1..aaaaaaaave3zavc6gqeces7x4s4kwoqvyuszk4uiaee3lcma4cq4jb4gmx5q",
                "name": "XQyc:US-CHICAGO-1-AD-1"
              },
              {
                "compartment_id": "ocid1.tenancy.oc1..aaaaaaaa22p5zz37ti2o4fo4wgid5iqaekkaxnykgycssznueu4kfz5272uq",
                "id": "ocid1.availabilitydomain.oc1..aaaaaaaaag25rxkuwv76f77a57wz5h4a4pkm545dam4ndohfge25sffw5p3a",
                "name": "XQyc:US-CHICAGO-1-AD-2"
              },
              {
                "compartment_id": "ocid1.tenancy.oc1..aaaaaaaa22p5zz37ti2o4fo4wgid5iqaekkaxnykgycssznueu4kfz5272uq",
                "id": "ocid1.availabilitydomain.oc1..aaaaaaaaax7k6s6cmu2faw5rbjobhjhvevgqtrbz7s4epy5g4j2nxsw7q4mq",
                "name": "XQyc:US-CHICAGO-1-AD-3"
              }
            ],
            "compartment_id": "ocid1.tenancy.oc1..aaaaaaaa22p5zz37ti2o4fo4wgid5iqaekkaxnykgycssznueu4kfz5272uq",
            "filter": null,
            "id": "IdentityAvailabilityDomainsDataSource-4091519713"
          },
          "sensitive_attributes": []
        }
      ]
    },
    {
      "mode": "data",
      "type": "oci_objectstorage_namespace",
      "name": "namespace",
      "provider": "provider[\"registry.terraform.io/oracle/oci\"]",
      "instances": [
        {
          "schema_version": 0,
          "attributes": {
            "compartment_id": "ocid1.tenancy.oc1..aaaaaaaa22p5zz37ti2o4fo4wgid5iqaekkaxnykgycssznueu4kfz5272uq",
            "id": "ObjectStorageNamespaceDataSource-4091519713",
            "namespace": "axixtfvzaioe"
          },
          "sensitive_attributes": []
        }
      ]
    },
    {
      "mode": "managed",
      "type": "oci_core_instance",
      "name": "vm01",
      "provider": "provider[\"registry.terraform.io/oracle/oci\"]",
      "instances": [
        {
          "schema_version": 0,
          "attributes": {
            "agent_config": [
              {
                "are_all_plugins_disabled": false,
                "is_management_disabled": false,
                "is_monitoring_disabled": false,
                "plugins_config": []
              }
            ],
            "async": null,
            "availability_config": [
              {
                "is_live_migration_preferred": false,
                "recovery_action": "RESTORE_INSTANCE"
              }
            ],
            "availability_domain": "XQyc:US-CHICAGO-1-AD-3",
            "boot_volume_id": "ocid1.bootvolume.oc1.us-chicago-1.abxxeljtjq24odurgb4vrotofhd7pidsl32iq4uregexonegn2kxx7miiega",
            "capacity_reservation_id": null,
            "compartment_id": "ocid1.tenancy.oc1..aaaaaaaa22p5zz37ti2o4fo4wgid5iqaekkaxnykgycssznueu4kfz5272uq",
            "compute_cluster_id": null,
            "create_vnic_details": [
              {
                "assign_ipv6ip": false,
                "assign_private_dns_record": false,
                "assign_public_ip": "true",
                "defined_tags": {
                  "Oracle-Tags.CreatedBy": "default/davidsuarez2001@estudiantec.cr",
                  "Oracle-Tags.CreatedOn": "2023-10-13T05:40:02.313Z"
                },
                "display_name": "vm01",
                "freeform_tags": {
                  "Name": "vm01"
                },
                "hostname_label": "",
                "ipv6address_ipv6subnet_cidr_pair_details": [],
                "nsg_ids": [],
                "private_ip": "192.168.1.120",
                "skip_source_dest_check": false,
                "subnet_id": "ocid1.subnet.oc1.us-chicago-1.aaaaaaaaxgo3vhqqr3dl2xtlgrjagjtlo2pec4ms3kl5giuvudv4ef7xdpqq",
                "vlan_id": ""
              }
            ],
            "dedicated_vm_host_id": null,
            "defined_tags": {
              "Oracle-Tags.CreatedBy": "default/davidsuarez2001@estudiantec.cr",
              "Oracle-Tags.CreatedOn": "2023-10-13T05:40:02.219Z"
            },
            "display_name": "vm01",
            "extended_metadata": {},
            "fault_domain": "FAULT-DOMAIN-2",
            "freeform_tags": {
              "Name": "vm01"
            },
            "hostname_label": "",
            "id": "ocid1.instance.oc1.us-chicago-1.anxxeljtfidegeqc3rmc5blb4qe3jqzerbnygrk6ehzskfnrrwnakda5pxkq",
            "image": "ocid1.image.oc1.us-chicago-1.aaaaaaaao4tdzbnglme5f3inhg64kxwkz4aj2zt5bsvbutys3sdnhjg7hnqq",
            "instance_configuration_id": null,
            "instance_options": [
              {
                "are_legacy_imds_endpoints_disabled": false
              }
            ],
            "ipxe_script": null,
            "is_cross_numa_node": false,
            "is_pv_encryption_in_transit_enabled": null,
            "launch_mode": "PARAVIRTUALIZED",
            "launch_options": [
              {
                "boot_volume_type": "PARAVIRTUALIZED",
                "firmware": "UEFI_64",
                "is_consistent_volume_naming_enabled": true,
                "is_pv_encryption_in_transit_enabled": false,
                "network_type": "PARAVIRTUALIZED",
                "remote_data_volume_type": "PARAVIRTUALIZED"
              }
            ],
            "metadata": {
              "ssh_authorized_keys": "ssh-rsa AAAAB3NzaC1yc2EAAAADAQABAAABgQC93h5VVryfGTt307YdOr+LeN80L6/ecNMoxjWyT4UvnezaeNuw0wL5eniKxyzWR5okrHRMQfban8ePUbSBAn5PY/WMvmiFNkdKHEF3ouHGBh/ulA9oSRoTj4DDYIjnFrIzmGYMV3m/moHv6/7ulT3NeUmTjeyrVTz6HvZDuYNt2EiscRnymBADyvANvr37xeZcUanpR1c5ut7NI0hiGPhDF76HYIGded70GU48tKwZ3OGYaQ49Dq/n3xOAKujC9C0tmT5p9pjngOVNi8Fo0Xhz7MsjdrliRIoRWFNHlBP8AICinv6SxGaphC9yOEbvz3GmoktBk0XxCMBo7nkxWm6lw0gPriy22GVWHB4uxVr2TRwF3Yg+Atg3XXbgAiTuCiRr6feSfnO8MYgkYAEGcYlu2LsswL5CBg81FKA5VKUUoFyJZyUhSehDCqDCdAzjsYFvVRm1m5DzBtBq4YJ56SUOzFtFkazohzD8luZWk09nE8uKB+omPLRnhgnW60CxN2k= root@ubuntu-s-1vcpu-1gb-nyc3-01\r\n",
              "user_data": "H4sIAAAAAAAA/4xUYWsTQRD9fpD/MJ6lVGSy8UOpRCrUNh8KpoVWCyIie7vTy9i93WV3tibSHy/XNKa2Ifrpbt57vDd79+6Ogxfygp8WkcbQFSccdRLV8ZzsO2hC8VanxWE9PZ1OPpx/Pjs5uvhSV/2EV5QyBz+GN8PRoBpUiI9Fg+qPd9I+X1PCiTfBsm/HcNCwPBLchwvNRc0xz8i5bBJHGVRT7uhZzssXqmGvGp1n/aijYEsCJVottJ5xASW2Sdu/MfZZtHMQOa7xRF24Jeh5G8wNpSGHLSzaYLbRJnQxZNooicF22uNSuVFhghfNnpLdSKfit4WvqdVJjUZDSfiajRbKYEpy0PoSW8DFc3nxvzjeMysEOxgd7O8DWlAkRuko6oYWiX2bB9W9HV7ny48wE4l5rJQNP70L2g4fHqYJnXLsy1yVpngpqo0t3AH0F0RLOnUhAYbn9urBoY3toDKzLljQr9M/dGRmAWpLDXzVycwO6509G2/6qJjYC/YgCxkpiV7VkLn1ZLFZHG6z/fbfp4N6Z2+4XDFkTORIZ4LdXVjutXM1ubg8PT/7fnx+Mjk7mk7qfgfRjaMa7kCI1sfLoSRDeeg4y9CutukneA/K0q3yxbmn38DG17qqJq3v0Dh+1LYhhxXXFHZ2jtGVlv2TVq/QPmTJ9JXsy4ER3o7G+6PRCBC97gh05C74NoDWKfiQhH9w59UKfvrPQBxUvwMAAP//RlBkFpIEAAA="
            },
            "platform_config": [],
            "preemptible_instance_config": [],
            "preserve_boot_volume": false,
            "private_ip": "192.168.1.120",
            "public_ip": "164.152.105.114",
            "region": "us-chicago-1",
            "shape": "VM.Standard.E4.Flex",
            "shape_config": [
              {
                "baseline_ocpu_utilization": "",
                "gpu_description": "",
                "gpus": 0,
                "local_disk_description": "",
                "local_disks": 0,
                "local_disks_total_size_in_gbs": 0,
                "max_vnic_attachments": 2,
                "memory_in_gbs": 6,
                "networking_bandwidth_in_gbps": 1,
                "nvmes": 0,
                "ocpus": 1,
                "processor_description": "2.55 GHz AMD EPYC™ 7J13 (Milan)",
                "vcpus": 2
              }
            ],
            "source_details": [
              {
                "boot_volume_size_in_gbs": "47",
                "boot_volume_vpus_per_gb": "10",
                "instance_source_image_filter_details": [],
                "kms_key_id": "",
                "source_id": "ocid1.image.oc1.us-chicago-1.aaaaaaaao4tdzbnglme5f3inhg64kxwkz4aj2zt5bsvbutys3sdnhjg7hnqq",
                "source_type": "image"
              }
            ],
            "state": "RUNNING",
            "subnet_id": "ocid1.subnet.oc1.us-chicago-1.aaaaaaaaxgo3vhqqr3dl2xtlgrjagjtlo2pec4ms3kl5giuvudv4ef7xdpqq",
            "system_tags": {},
            "time_created": "2023-10-13 05:40:02.505 +0000 UTC",
            "time_maintenance_reboot_due": "",
            "timeouts": null,
            "update_operation_constraint": null
          },
          "sensitive_attributes": [],
          "private": "eyJlMmJmYjczMC1lY2FhLTExZTYtOGY4OC0zNDM2M2JjN2M0YzAiOnsiY3JlYXRlIjoyNzAwMDAwMDAwMDAwLCJkZWxldGUiOjQ1MDAwMDAwMDAwMDAsInVwZGF0ZSI6MjcwMDAwMDAwMDAwMH19",
          "dependencies": [
            "data.cloudinit_config.vm01",
            "data.oci_identity_availability_domains.ads",
            "oci_core_internet_gateway.ig",
            "oci_core_route_table.public_rt",
            "oci_core_security_list.security_list",
            "oci_core_subnet.public",
            "oci_core_vcn.network"
          ]
        }
      ]
    },
    {
      "mode": "managed",
      "type": "oci_core_instance",
      "name": "vm02",
      "provider": "provider[\"registry.terraform.io/oracle/oci\"]",
      "instances": [
        {
          "schema_version": 0,
          "attributes": {
            "agent_config": [
              {
                "are_all_plugins_disabled": false,
                "is_management_disabled": false,
                "is_monitoring_disabled": false,
                "plugins_config": []
              }
            ],
            "async": null,
            "availability_config": [
              {
                "is_live_migration_preferred": false,
                "recovery_action": "RESTORE_INSTANCE"
              }
            ],
            "availability_domain": "XQyc:US-CHICAGO-1-AD-3",
            "boot_volume_id": "ocid1.bootvolume.oc1.us-chicago-1.abxxeljtgydbacexxmdminwycmbuu6wi7l4hvancpjkqaatxe7nunq2wgtya",
            "capacity_reservation_id": null,
            "compartment_id": "ocid1.tenancy.oc1..aaaaaaaa22p5zz37ti2o4fo4wgid5iqaekkaxnykgycssznueu4kfz5272uq",
            "compute_cluster_id": null,
            "create_vnic_details": [
              {
                "assign_ipv6ip": false,
                "assign_private_dns_record": false,
                "assign_public_ip": "true",
                "defined_tags": {
                  "Oracle-Tags.CreatedBy": "default/davidsuarez2001@estudiantec.cr",
                  "Oracle-Tags.CreatedOn": "2023-10-13T05:40:02.554Z"
                },
                "display_name": "vm02",
                "freeform_tags": {
                  "Name": "vm02"
                },
                "hostname_label": "",
                "ipv6address_ipv6subnet_cidr_pair_details": [],
                "nsg_ids": [],
                "private_ip": "192.168.1.67",
                "skip_source_dest_check": false,
                "subnet_id": "ocid1.subnet.oc1.us-chicago-1.aaaaaaaaxgo3vhqqr3dl2xtlgrjagjtlo2pec4ms3kl5giuvudv4ef7xdpqq",
                "vlan_id": ""
              }
            ],
            "dedicated_vm_host_id": null,
            "defined_tags": {
              "Oracle-Tags.CreatedBy": "default/davidsuarez2001@estudiantec.cr",
              "Oracle-Tags.CreatedOn": "2023-10-13T05:40:02.468Z"
            },
            "display_name": "vm02",
            "extended_metadata": {},
            "fault_domain": "FAULT-DOMAIN-2",
            "freeform_tags": {
              "Name": "vm02"
            },
            "hostname_label": "",
            "id": "ocid1.instance.oc1.us-chicago-1.anxxeljtfidegeqc3jqxlx7i5d76n4ydre6d6agc6gxgpya2ol2xzhtk226a",
            "image": "ocid1.image.oc1.us-chicago-1.aaaaaaaao4tdzbnglme5f3inhg64kxwkz4aj2zt5bsvbutys3sdnhjg7hnqq",
            "instance_configuration_id": null,
            "instance_options": [
              {
                "are_legacy_imds_endpoints_disabled": false
              }
            ],
            "ipxe_script": null,
            "is_cross_numa_node": false,
            "is_pv_encryption_in_transit_enabled": null,
            "launch_mode": "PARAVIRTUALIZED",
            "launch_options": [
              {
                "boot_volume_type": "PARAVIRTUALIZED",
                "firmware": "UEFI_64",
                "is_consistent_volume_naming_enabled": true,
                "is_pv_encryption_in_transit_enabled": false,
                "network_type": "PARAVIRTUALIZED",
                "remote_data_volume_type": "PARAVIRTUALIZED"
              }
            ],
            "metadata": {
              "ssh_authorized_keys": "ssh-rsa AAAAB3NzaC1yc2EAAAADAQABAAABgQC93h5VVryfGTt307YdOr+LeN80L6/ecNMoxjWyT4UvnezaeNuw0wL5eniKxyzWR5okrHRMQfban8ePUbSBAn5PY/WMvmiFNkdKHEF3ouHGBh/ulA9oSRoTj4DDYIjnFrIzmGYMV3m/moHv6/7ulT3NeUmTjeyrVTz6HvZDuYNt2EiscRnymBADyvANvr37xeZcUanpR1c5ut7NI0hiGPhDF76HYIGded70GU48tKwZ3OGYaQ49Dq/n3xOAKujC9C0tmT5p9pjngOVNi8Fo0Xhz7MsjdrliRIoRWFNHlBP8AICinv6SxGaphC9yOEbvz3GmoktBk0XxCMBo7nkxWm6lw0gPriy22GVWHB4uxVr2TRwF3Yg+Atg3XXbgAiTuCiRr6feSfnO8MYgkYAEGcYlu2LsswL5CBg81FKA5VKUUoFyJZyUhSehDCqDCdAzjsYFvVRm1m5DzBtBq4YJ56SUOzFtFkazohzD8luZWk09nE8uKB+omPLRnhgnW60CxN2k= root@ubuntu-s-1vcpu-1gb-nyc3-01\r\n",
              "user_data": "H4sIAAAAAAAA/4xU0UocSxB9H9h/qDtXxMulps2DCBsMGN0HIaugiRBCkJ7ucraxp7rprja7wY8P47qu0WWTp5mqczinqudMnwQWYsHPi0hj6IsXF3US1bs52ffQhsJWp8VRPT2bTj5efDk/Pb78WldDhdeUsgs8hnfN/qgaVYgvSaPqWTtpzreUcMImWMfdGA5bJy8Ij+ZCc1FzzDPyPpvkooyqqevpjc+//6jWsWp1ng2ljoIdCZRotdC6xgWU2CVtf+85zqK9h+jiup+oD/cEA26DuaPUuLAFRRvMNtiEPoZMGykx2F4zLpkbGSawaMeU7EY4Fd5mvoZWmxqNhpK4W2e0UAZTkoeOS+wAF2/phX+6+IisOtjD/uHBAaAFRWKUjqLuaJEcd3lUPcrhbb76BDORmMdK2fCDfdC2eTpME3rlHZe5Km1hKaqLHTwADA9ESzr1IQGGt/LqSaGL3agysz5Y0P+nP/DIzALUllr4ppOZHdU7ezbeDVYxORYcmk7ISEn0Xw3ZdUwW28XRNtnvf70d1Dt7zXLEkDGRJ50JdndhOdfO9eTy6uzi/Obk4nRyfjyd1MMMoltPNTyAEK3Xy6EkQ7nxLktjV9MMFXwAZelecfH+9T+w8bOuoknrNzTevUhb48IKa4vzdo7Rl87xq1SvuoPJEhkiOYQDkXVPMJwNpZtnYQhJs4TAaom8vikQR9WvAAAA///nyxA0iAQAAA=="
            },
            "platform_config": [],
            "preemptible_instance_config": [],
            "preserve_boot_volume": false,
            "private_ip": "192.168.1.67",
            "public_ip": "207.211.180.39",
            "region": "us-chicago-1",
            "shape": "VM.Standard.E4.Flex",
            "shape_config": [
              {
                "baseline_ocpu_utilization": "",
                "gpu_description": "",
                "gpus": 0,
                "local_disk_description": "",
                "local_disks": 0,
                "local_disks_total_size_in_gbs": 0,
                "max_vnic_attachments": 2,
                "memory_in_gbs": 6,
                "networking_bandwidth_in_gbps": 1,
                "nvmes": 0,
                "ocpus": 1,
                "processor_description": "2.55 GHz AMD EPYC™ 7J13 (Milan)",
                "vcpus": 2
              }
            ],
            "source_details": [
              {
                "boot_volume_size_in_gbs": "47",
                "boot_volume_vpus_per_gb": "10",
                "instance_source_image_filter_details": [],
                "kms_key_id": "",
                "source_id": "ocid1.image.oc1.us-chicago-1.aaaaaaaao4tdzbnglme5f3inhg64kxwkz4aj2zt5bsvbutys3sdnhjg7hnqq",
                "source_type": "image"
              }
            ],
            "state": "RUNNING",
            "subnet_id": "ocid1.subnet.oc1.us-chicago-1.aaaaaaaaxgo3vhqqr3dl2xtlgrjagjtlo2pec4ms3kl5giuvudv4ef7xdpqq",
            "system_tags": {},
            "time_created": "2023-10-13 05:40:02.737 +0000 UTC",
            "time_maintenance_reboot_due": "",
            "timeouts": null,
            "update_operation_constraint": null
          },
          "sensitive_attributes": [],
          "private": "eyJlMmJmYjczMC1lY2FhLTExZTYtOGY4OC0zNDM2M2JjN2M0YzAiOnsiY3JlYXRlIjoyNzAwMDAwMDAwMDAwLCJkZWxldGUiOjQ1MDAwMDAwMDAwMDAsInVwZGF0ZSI6MjcwMDAwMDAwMDAwMH19",
          "dependencies": [
            "data.cloudinit_config.vm02",
            "data.oci_identity_availability_domains.ads",
            "oci_core_internet_gateway.ig",
            "oci_core_route_table.public_rt",
            "oci_core_security_list.security_list",
            "oci_core_subnet.public",
            "oci_core_vcn.network"
          ]
        }
      ]
    },
    {
      "mode": "managed",
      "type": "oci_core_internet_gateway",
      "name": "ig",
      "provider": "provider[\"registry.terraform.io/oracle/oci\"]",
      "instances": [
        {
          "schema_version": 0,
          "attributes": {
            "compartment_id": "ocid1.tenancy.oc1..aaaaaaaa22p5zz37ti2o4fo4wgid5iqaekkaxnykgycssznueu4kfz5272uq",
            "defined_tags": {
              "Oracle-Tags.CreatedBy": "default/davidsuarez2001@estudiantec.cr",
              "Oracle-Tags.CreatedOn": "2023-10-13T05:39:59.760Z"
            },
            "display_name": "ig",
            "enabled": true,
            "freeform_tags": {
              "Name": "ig"
            },
            "id": "ocid1.internetgateway.oc1.us-chicago-1.aaaaaaaarmwsj7tmyyfdioq4b4z3hyhg453unuyp5whfqsddeh7e2gptgtza",
            "route_table_id": null,
            "state": "AVAILABLE",
            "time_created": "2023-10-13 05:39:59.786 +0000 UTC",
            "timeouts": null,
            "vcn_id": "ocid1.vcn.oc1.us-chicago-1.amaaaaaafidegeqaxgn5qjyssujatfnm5tcznzxatlij6zkglqjq5ww6snea"
          },
          "sensitive_attributes": [],
          "private": "eyJlMmJmYjczMC1lY2FhLTExZTYtOGY4OC0zNDM2M2JjN2M0YzAiOnsiY3JlYXRlIjoxMjAwMDAwMDAwMDAwLCJkZWxldGUiOjEyMDAwMDAwMDAwMDAsInVwZGF0ZSI6MTIwMDAwMDAwMDAwMH19",
          "dependencies": [
            "oci_core_vcn.network"
          ]
        }
      ]
    },
    {
      "mode": "managed",
      "type": "oci_core_route_table",
      "name": "public_rt",
      "provider": "provider[\"registry.terraform.io/oracle/oci\"]",
      "instances": [
        {
          "schema_version": 0,
          "attributes": {
            "compartment_id": "ocid1.tenancy.oc1..aaaaaaaa22p5zz37ti2o4fo4wgid5iqaekkaxnykgycssznueu4kfz5272uq",
            "defined_tags": {
              "Oracle-Tags.CreatedBy": "default/davidsuarez2001@estudiantec.cr",
              "Oracle-Tags.CreatedOn": "2023-10-13T05:40:00.598Z"
            },
            "display_name": "public_rt",
            "freeform_tags": {
              "Name": "public_rt"
            },
            "id": "ocid1.routetable.oc1.us-chicago-1.aaaaaaaa26zn5xfbvi72pji35adlwmpfproyw3dot6gi3z6q5vxfcanpbnua",
            "route_rules": [
              {
                "cidr_block": "",
                "description": "",
                "destination": "0.0.0.0/0",
                "destination_type": "CIDR_BLOCK",
                "network_entity_id": "ocid1.internetgateway.oc1.us-chicago-1.aaaaaaaarmwsj7tmyyfdioq4b4z3hyhg453unuyp5whfqsddeh7e2gptgtza",
                "route_type": ""
              }
            ],
            "state": "AVAILABLE",
            "time_created": "2023-10-13 05:40:00.611 +0000 UTC",
            "timeouts": null,
            "vcn_id": "ocid1.vcn.oc1.us-chicago-1.amaaaaaafidegeqaxgn5qjyssujatfnm5tcznzxatlij6zkglqjq5ww6snea"
          },
          "sensitive_attributes": [],
          "private": "eyJlMmJmYjczMC1lY2FhLTExZTYtOGY4OC0zNDM2M2JjN2M0YzAiOnsiY3JlYXRlIjoxMjAwMDAwMDAwMDAwLCJkZWxldGUiOjEyMDAwMDAwMDAwMDAsInVwZGF0ZSI6MTIwMDAwMDAwMDAwMH19",
          "dependencies": [
            "oci_core_internet_gateway.ig",
            "oci_core_vcn.network"
          ]
        }
      ]
    },
    {
      "mode": "managed",
      "type": "oci_core_route_table_attachment",
      "name": "public_rt_attachment",
      "provider": "provider[\"registry.terraform.io/oracle/oci\"]",
      "instances": [
        {
          "schema_version": 0,
          "attributes": {
            "id": "ocid1.subnet.oc1.us-chicago-1.aaaaaaaaxgo3vhqqr3dl2xtlgrjagjtlo2pec4ms3kl5giuvudv4ef7xdpqq/ocid1.routetable.oc1.us-chicago-1.aaaaaaaa26zn5xfbvi72pji35adlwmpfproyw3dot6gi3z6q5vxfcanpbnua",
            "route_table_id": "ocid1.routetable.oc1.us-chicago-1.aaaaaaaa26zn5xfbvi72pji35adlwmpfproyw3dot6gi3z6q5vxfcanpbnua",
            "subnet_id": "ocid1.subnet.oc1.us-chicago-1.aaaaaaaaxgo3vhqqr3dl2xtlgrjagjtlo2pec4ms3kl5giuvudv4ef7xdpqq",
            "timeouts": null
          },
          "sensitive_attributes": [],
          "private": "eyJlMmJmYjczMC1lY2FhLTExZTYtOGY4OC0zNDM2M2JjN2M0YzAiOnsiY3JlYXRlIjoxMjAwMDAwMDAwMDAwLCJkZWxldGUiOjEyMDAwMDAwMDAwMDAsInVwZGF0ZSI6MTIwMDAwMDAwMDAwMH19",
          "dependencies": [
            "oci_core_internet_gateway.ig",
            "oci_core_route_table.public_rt",
            "oci_core_security_list.security_list",
            "oci_core_subnet.public",
            "oci_core_vcn.network"
          ]
        }
      ]
    },
    {
      "mode": "managed",
      "type": "oci_core_security_list",
      "name": "security_list",
      "provider": "provider[\"registry.terraform.io/oracle/oci\"]",
      "instances": [
        {
          "schema_version": 0,
          "attributes": {
            "compartment_id": "ocid1.tenancy.oc1..aaaaaaaa22p5zz37ti2o4fo4wgid5iqaekkaxnykgycssznueu4kfz5272uq",
            "defined_tags": {
              "Oracle-Tags.CreatedBy": "default/davidsuarez2001@estudiantec.cr",
              "Oracle-Tags.CreatedOn": "2023-10-13T05:40:00.076Z"
            },
            "display_name": "security_list",
            "egress_security_rules": [
              {
                "description": "",
                "destination": "0.0.0.0/0",
                "destination_type": "CIDR_BLOCK",
                "icmp_options": [],
                "protocol": "all",
                "stateless": false,
                "tcp_options": [],
                "udp_options": []
              }
            ],
            "freeform_tags": {},
            "id": "ocid1.securitylist.oc1.us-chicago-1.aaaaaaaadc7seiqauyg56xa6tprtw4eqaxn6jwu5ymqmh5uozoxa5vt3gcdq",
            "ingress_security_rules": [
              {
                "description": "",
                "icmp_options": [],
                "protocol": "6",
                "source": "0.0.0.0/0",
                "source_type": "CIDR_BLOCK",
                "stateless": false,
                "tcp_options": [
                  {
                    "max": 22,
                    "min": 22,
                    "source_port_range": []
                  }
                ],
                "udp_options": []
              },
              {
                "description": "",
                "icmp_options": [],
                "protocol": "6",
                "source": "0.0.0.0/0",
                "source_type": "CIDR_BLOCK",
                "stateless": false,
                "tcp_options": [
                  {
                    "max": 443,
                    "min": 443,
                    "source_port_range": []
                  }
                ],
                "udp_options": []
              },
              {
                "description": "",
                "icmp_options": [],
                "protocol": "6",
                "source": "0.0.0.0/0",
                "source_type": "CIDR_BLOCK",
                "stateless": false,
                "tcp_options": [
                  {
                    "max": 80,
                    "min": 80,
                    "source_port_range": []
                  }
                ],
                "udp_options": []
              }
            ],
            "state": "AVAILABLE",
            "time_created": "2023-10-13 05:40:00.111 +0000 UTC",
            "timeouts": null,
            "vcn_id": "ocid1.vcn.oc1.us-chicago-1.amaaaaaafidegeqaxgn5qjyssujatfnm5tcznzxatlij6zkglqjq5ww6snea"
          },
          "sensitive_attributes": [],
          "private": "eyJlMmJmYjczMC1lY2FhLTExZTYtOGY4OC0zNDM2M2JjN2M0YzAiOnsiY3JlYXRlIjoxMjAwMDAwMDAwMDAwLCJkZWxldGUiOjEyMDAwMDAwMDAwMDAsInVwZGF0ZSI6MTIwMDAwMDAwMDAwMH19",
          "dependencies": [
            "oci_core_vcn.network"
          ]
        }
      ]
    },
    {
      "mode": "managed",
      "type": "oci_core_subnet",
      "name": "public",
      "provider": "provider[\"registry.terraform.io/oracle/oci\"]",
      "instances": [
        {
          "schema_version": 0,
          "attributes": {
            "availability_domain": null,
            "cidr_block": "192.168.1.0/24",
            "compartment_id": "ocid1.tenancy.oc1..aaaaaaaa22p5zz37ti2o4fo4wgid5iqaekkaxnykgycssznueu4kfz5272uq",
            "defined_tags": {
              "Oracle-Tags.CreatedBy": "default/davidsuarez2001@estudiantec.cr",
              "Oracle-Tags.CreatedOn": "2023-10-13T05:40:01.089Z"
            },
            "dhcp_options_id": "ocid1.dhcpoptions.oc1.us-chicago-1.aaaaaaaajv3w532iizla7yll2ffd57c4j6snrqungftjjkatwwbuaxpydixa",
            "display_name": "public",
            "dns_label": null,
            "freeform_tags": {
              "Name": "public"
            },
            "id": "ocid1.subnet.oc1.us-chicago-1.aaaaaaaaxgo3vhqqr3dl2xtlgrjagjtlo2pec4ms3kl5giuvudv4ef7xdpqq",
            "ipv6cidr_block": null,
            "ipv6cidr_blocks": [],
            "ipv6virtual_router_ip": null,
            "prohibit_internet_ingress": false,
            "prohibit_public_ip_on_vnic": false,
            "route_table_id": "ocid1.routetable.oc1.us-chicago-1.aaaaaaaa26zn5xfbvi72pji35adlwmpfproyw3dot6gi3z6q5vxfcanpbnua",
            "security_list_ids": [
              "ocid1.securitylist.oc1.us-chicago-1.aaaaaaaadc7seiqauyg56xa6tprtw4eqaxn6jwu5ymqmh5uozoxa5vt3gcdq"
            ],
            "state": "AVAILABLE",
            "subnet_domain_name": null,
            "time_created": "2023-10-13 05:40:01.131 +0000 UTC",
            "timeouts": null,
            "vcn_id": "ocid1.vcn.oc1.us-chicago-1.amaaaaaafidegeqaxgn5qjyssujatfnm5tcznzxatlij6zkglqjq5ww6snea",
            "virtual_router_ip": "192.168.1.1",
            "virtual_router_mac": "00:00:17:12:AB:99"
          },
          "sensitive_attributes": [],
          "private": "eyJlMmJmYjczMC1lY2FhLTExZTYtOGY4OC0zNDM2M2JjN2M0YzAiOnsiY3JlYXRlIjoxMjAwMDAwMDAwMDAwLCJkZWxldGUiOjEyMDAwMDAwMDAwMDAsInVwZGF0ZSI6MTIwMDAwMDAwMDAwMH19",
          "dependencies": [
            "oci_core_internet_gateway.ig",
            "oci_core_route_table.public_rt",
            "oci_core_security_list.security_list",
            "oci_core_vcn.network"
          ]
        }
      ]
    },
    {
      "mode": "managed",
      "type": "oci_core_vcn",
      "name": "network",
      "provider": "provider[\"registry.terraform.io/oracle/oci\"]",
      "instances": [
        {
          "schema_version": 0,
          "attributes": {
            "byoipv6cidr_blocks": [],
            "byoipv6cidr_details": null,
            "cidr_block": "192.168.0.0/16",
            "cidr_blocks": [
              "192.168.0.0/16"
            ],
            "compartment_id": "ocid1.tenancy.oc1..aaaaaaaa22p5zz37ti2o4fo4wgid5iqaekkaxnykgycssznueu4kfz5272uq",
            "default_dhcp_options_id": "ocid1.dhcpoptions.oc1.us-chicago-1.aaaaaaaajv3w532iizla7yll2ffd57c4j6snrqungftjjkatwwbuaxpydixa",
            "default_route_table_id": "ocid1.routetable.oc1.us-chicago-1.aaaaaaaaiuv7wfywigk57aejsfa4bgsqvgxvtgzw7hykrn6cu2cghg7ewkoa",
            "default_security_list_id": "ocid1.securitylist.oc1.us-chicago-1.aaaaaaaas4ggyuan76ds4v4gbtvrsvp3wpw2wylnazfu56ezch4t4i5dwmda",
            "defined_tags": {
              "Oracle-Tags.CreatedBy": "default/davidsuarez2001@estudiantec.cr",
              "Oracle-Tags.CreatedOn": "2023-10-13T05:39:59.122Z"
            },
            "display_name": "network",
            "dns_label": null,
            "freeform_tags": {
              "Name": "tec"
            },
            "id": "ocid1.vcn.oc1.us-chicago-1.amaaaaaafidegeqaxgn5qjyssujatfnm5tcznzxatlij6zkglqjq5ww6snea",
            "ipv6cidr_blocks": [],
            "ipv6private_cidr_blocks": [],
            "is_ipv6enabled": false,
            "is_oracle_gua_allocation_enabled": null,
            "state": "AVAILABLE",
            "time_created": "2023-10-13 05:39:59.176 +0000 UTC",
            "timeouts": null,
            "vcn_domain_name": null
          },
          "sensitive_attributes": [],
          "private": "eyJlMmJmYjczMC1lY2FhLTExZTYtOGY4OC0zNDM2M2JjN2M0YzAiOnsiY3JlYXRlIjoxMjAwMDAwMDAwMDAwLCJkZWxldGUiOjEyMDAwMDAwMDAwMDAsInVwZGF0ZSI6MTIwMDAwMDAwMDAwMH19"
        }
      ]
    },
    {
      "mode": "managed",
      "type": "oci_database_autonomous_database",
      "name": "autonomous_database",
      "provider": "provider[\"registry.terraform.io/oracle/oci\"]",
      "instances": [
        {
          "schema_version": 0,
          "attributes": {
            "actual_used_data_storage_size_in_tbs": 0,
            "admin_password": "thisiswrongNereo08",
            "allocated_storage_size_in_tbs": 0,
            "apex_details": [
              {
                "apex_version": "",
                "ords_version": "23.2.3.242.1937"
              }
            ],
            "are_primary_whitelisted_ips_used": null,
            "autonomous_container_database_id": null,
            "autonomous_database_backup_id": null,
            "autonomous_database_id": null,
            "autonomous_maintenance_schedule_type": "REGULAR",
            "available_upgrade_versions": [],
            "backup_config": [
              {
                "manual_backup_bucket_name": "",
                "manual_backup_type": "NONE"
              }
            ],
            "backup_retention_period_in_days": 60,
            "character_set": "AL32UTF8",
            "clone_type": null,
            "compartment_id": "ocid1.tenancy.oc1..aaaaaaaa22p5zz37ti2o4fo4wgid5iqaekkaxnykgycssznueu4kfz5272uq",
            "compute_count": 1,
            "compute_model": "ECPU",
            "connection_strings": [
              {
                "all_connection_strings": {
                  "HIGH": "adb.us-chicago-1.oraclecloud.com:1522/gecd5dc2ae22aa6_ic4302_high.adb.oraclecloud.com",
                  "LOW": "adb.us-chicago-1.oraclecloud.com:1522/gecd5dc2ae22aa6_ic4302_low.adb.oraclecloud.com",
                  "MEDIUM": "adb.us-chicago-1.oraclecloud.com:1522/gecd5dc2ae22aa6_ic4302_medium.adb.oraclecloud.com",
                  "TP": "adb.us-chicago-1.oraclecloud.com:1522/gecd5dc2ae22aa6_ic4302_tp.adb.oraclecloud.com",
                  "TPURGENT": "adb.us-chicago-1.oraclecloud.com:1522/gecd5dc2ae22aa6_ic4302_tpurgent.adb.oraclecloud.com"
                },
                "dedicated": "",
                "high": "adb.us-chicago-1.oraclecloud.com:1522/gecd5dc2ae22aa6_ic4302_high.adb.oraclecloud.com",
                "low": "adb.us-chicago-1.oraclecloud.com:1522/gecd5dc2ae22aa6_ic4302_low.adb.oraclecloud.com",
                "medium": "adb.us-chicago-1.oraclecloud.com:1522/gecd5dc2ae22aa6_ic4302_medium.adb.oraclecloud.com",
                "profiles": [
                  {
                    "consumer_group": "HIGH",
                    "display_name": "ic4302_high",
                    "host_format": "FQDN",
                    "protocol": "TCPS",
                    "session_mode": "DIRECT",
                    "syntax_format": "LONG",
                    "tls_authentication": "SERVER",
                    "value": "(description= (retry_count=20)(retry_delay=3)(address=(protocol=tcps)(port=1521)(host=adb.us-chicago-1.oraclecloud.com))(connect_data=(service_name=gecd5dc2ae22aa6_ic4302_high.adb.oraclecloud.com))(security=(ssl_server_dn_match=yes)))"
                  },
                  {
                    "consumer_group": "LOW",
                    "display_name": "ic4302_low",
                    "host_format": "FQDN",
                    "protocol": "TCPS",
                    "session_mode": "DIRECT",
                    "syntax_format": "LONG",
                    "tls_authentication": "SERVER",
                    "value": "(description= (retry_count=20)(retry_delay=3)(address=(protocol=tcps)(port=1521)(host=adb.us-chicago-1.oraclecloud.com))(connect_data=(service_name=gecd5dc2ae22aa6_ic4302_low.adb.oraclecloud.com))(security=(ssl_server_dn_match=yes)))"
                  },
                  {
                    "consumer_group": "MEDIUM",
                    "display_name": "ic4302_medium",
                    "host_format": "FQDN",
                    "protocol": "TCPS",
                    "session_mode": "DIRECT",
                    "syntax_format": "LONG",
                    "tls_authentication": "SERVER",
                    "value": "(description= (retry_count=20)(retry_delay=3)(address=(protocol=tcps)(port=1521)(host=adb.us-chicago-1.oraclecloud.com))(connect_data=(service_name=gecd5dc2ae22aa6_ic4302_medium.adb.oraclecloud.com))(security=(ssl_server_dn_match=yes)))"
                  },
                  {
                    "consumer_group": "TP",
                    "display_name": "ic4302_tp",
                    "host_format": "FQDN",
                    "protocol": "TCPS",
                    "session_mode": "DIRECT",
                    "syntax_format": "LONG",
                    "tls_authentication": "SERVER",
                    "value": "(description= (retry_count=20)(retry_delay=3)(address=(protocol=tcps)(port=1521)(host=adb.us-chicago-1.oraclecloud.com))(connect_data=(service_name=gecd5dc2ae22aa6_ic4302_tp.adb.oraclecloud.com))(security=(ssl_server_dn_match=yes)))"
                  },
                  {
                    "consumer_group": "TPURGENT",
                    "display_name": "ic4302_tpurgent",
                    "host_format": "FQDN",
                    "protocol": "TCPS",
                    "session_mode": "DIRECT",
                    "syntax_format": "LONG",
                    "tls_authentication": "SERVER",
                    "value": "(description= (retry_count=20)(retry_delay=3)(address=(protocol=tcps)(port=1521)(host=adb.us-chicago-1.oraclecloud.com))(connect_data=(service_name=gecd5dc2ae22aa6_ic4302_tpurgent.adb.oraclecloud.com))(security=(ssl_server_dn_match=yes)))"
                  },
                  {
                    "consumer_group": "HIGH",
                    "display_name": "ic4302_high",
                    "host_format": "FQDN",
                    "protocol": "TCPS",
                    "session_mode": "DIRECT",
                    "syntax_format": "LONG",
                    "tls_authentication": "MUTUAL",
                    "value": "(description= (retry_count=20)(retry_delay=3)(address=(protocol=tcps)(port=1522)(host=adb.us-chicago-1.oraclecloud.com))(connect_data=(service_name=gecd5dc2ae22aa6_ic4302_high.adb.oraclecloud.com))(security=(ssl_server_dn_match=yes)))"
                  },
                  {
                    "consumer_group": "LOW",
                    "display_name": "ic4302_low",
                    "host_format": "FQDN",
                    "protocol": "TCPS",
                    "session_mode": "DIRECT",
                    "syntax_format": "LONG",
                    "tls_authentication": "MUTUAL",
                    "value": "(description= (retry_count=20)(retry_delay=3)(address=(protocol=tcps)(port=1522)(host=adb.us-chicago-1.oraclecloud.com))(connect_data=(service_name=gecd5dc2ae22aa6_ic4302_low.adb.oraclecloud.com))(security=(ssl_server_dn_match=yes)))"
                  },
                  {
                    "consumer_group": "MEDIUM",
                    "display_name": "ic4302_medium",
                    "host_format": "FQDN",
                    "protocol": "TCPS",
                    "session_mode": "DIRECT",
                    "syntax_format": "LONG",
                    "tls_authentication": "MUTUAL",
                    "value": "(description= (retry_count=20)(retry_delay=3)(address=(protocol=tcps)(port=1522)(host=adb.us-chicago-1.oraclecloud.com))(connect_data=(service_name=gecd5dc2ae22aa6_ic4302_medium.adb.oraclecloud.com))(security=(ssl_server_dn_match=yes)))"
                  },
                  {
                    "consumer_group": "TP",
                    "display_name": "ic4302_tp",
                    "host_format": "FQDN",
                    "protocol": "TCPS",
                    "session_mode": "DIRECT",
                    "syntax_format": "LONG",
                    "tls_authentication": "MUTUAL",
                    "value": "(description= (retry_count=20)(retry_delay=3)(address=(protocol=tcps)(port=1522)(host=adb.us-chicago-1.oraclecloud.com))(connect_data=(service_name=gecd5dc2ae22aa6_ic4302_tp.adb.oraclecloud.com))(security=(ssl_server_dn_match=yes)))"
                  },
                  {
                    "consumer_group": "TPURGENT",
                    "display_name": "ic4302_tpurgent",
                    "host_format": "FQDN",
                    "protocol": "TCPS",
                    "session_mode": "DIRECT",
                    "syntax_format": "LONG",
                    "tls_authentication": "MUTUAL",
                    "value": "(description= (retry_count=20)(retry_delay=3)(address=(protocol=tcps)(port=1522)(host=adb.us-chicago-1.oraclecloud.com))(connect_data=(service_name=gecd5dc2ae22aa6_ic4302_tpurgent.adb.oraclecloud.com))(security=(ssl_server_dn_match=yes)))"
                  }
                ]
              }
            ],
            "connection_urls": [
              {
                "apex_url": "https://GECD5DC2AE22AA6-IC4302.adb.us-chicago-1.oraclecloudapps.com/ords/apex",
                "graph_studio_url": "https://GECD5DC2AE22AA6-IC4302.adb.us-chicago-1.oraclecloudapps.com/graphstudio/",
                "machine_learning_user_management_url": "https://GECD5DC2AE22AA6-IC4302.adb.us-chicago-1.oraclecloudapps.com/omlusers/",
                "sql_dev_web_url": "https://GECD5DC2AE22AA6-IC4302.adb.us-chicago-1.oraclecloudapps.com/ords/sql-developer"
              }
            ],
            "cpu_core_count": 0,
            "customer_contacts": [],
            "data_safe_status": "NOT_REGISTERED",
            "data_storage_size_in_gb": 20,
            "data_storage_size_in_tbs": null,
            "database_edition": "",
            "database_management_status": "",
            "dataguard_region_type": "",
            "db_name": "ic4302",
            "db_version": "19c",
            "db_workload": "OLTP",
            "defined_tags": {
              "Oracle-Tags.CreatedBy": "default/davidsuarez2001@estudiantec.cr",
              "Oracle-Tags.CreatedOn": "2023-10-13T05:40:38.536Z"
            },
            "disaster_recovery_region_type": "",
            "display_name": "W2LXJKSLC8Y5CC2U",
            "failed_data_recovery_in_seconds": null,
            "freeform_tags": {},
            "id": "ocid1.autonomousdatabase.oc1.us-chicago-1.anxxeljsfidegeqakvgpdvsttc3mbzr4lhixzvzcslj2xq2ryu3rkyv73g4a",
            "in_memory_area_in_gbs": null,
            "in_memory_percentage": null,
            "infrastructure_type": "",
            "is_access_control_enabled": null,
            "is_auto_scaling_enabled": false,
            "is_auto_scaling_for_storage_enabled": false,
            "is_data_guard_enabled": false,
            "is_dedicated": false,
            "is_free_tier": true,
            "is_local_data_guard_enabled": false,
            "is_mtls_connection_required": false,
            "is_preview": false,
            "is_preview_version_with_service_terms_accepted": null,
            "is_reconnect_clone_enabled": null,
            "is_refreshable_clone": null,
            "is_remote_data_guard_enabled": false,
            "is_shrink_only": null,
            "key_history_entry": [
              {
                "id": "ORACLE_MANAGED_KEY",
                "kms_key_version_id": "",
                "time_activated": "2023-10-13 05:43:20.072 +0000 UTC",
                "vault_id": ""
              }
            ],
            "key_store_id": null,
            "key_store_wallet_name": null,
            "kms_key_id": "ORACLE_MANAGED_KEY",
            "kms_key_lifecycle_details": null,
            "kms_key_version_id": null,
            "license_model": "LICENSE_INCLUDED",
            "lifecycle_details": null,
            "local_adg_auto_failover_max_data_loss_limit": null,
            "local_disaster_recovery_type": "",
            "local_standby_db": [],
            "long_term_backup_schedule": [],
            "max_cpu_core_count": null,
            "memory_per_oracle_compute_unit_in_gbs": null,
            "ncharacter_set": "AL16UTF16",
            "next_long_term_backup_time_stamp": null,
            "nsg_ids": [],
            "ocpu_count": null,
            "open_mode": "READ_WRITE",
            "operations_insights_status": "NOT_ENABLED",
            "peer_db_ids": [],
            "permission_level": "UNRESTRICTED",
            "private_endpoint": null,
            "private_endpoint_ip": null,
            "private_endpoint_label": null,
            "provisionable_cpus": [],
            "refreshable_mode": null,
            "refreshable_status": "",
            "remote_disaster_recovery_configuration": [],
            "remote_disaster_recovery_type": null,
            "role": "",
            "rotate_key_trigger": null,
            "scheduled_operations": [],
            "secret_id": null,
            "secret_version_number": null,
            "service_console_url": null,
            "source": null,
            "source_id": null,
            "standby_db": [],
            "standby_whitelisted_ips": [],
            "state": "AVAILABLE",
            "subnet_id": null,
            "supported_regions_to_clone_to": [
              "IAD"
            ],
            "switchover_to": null,
            "switchover_to_remote_peer_id": null,
            "system_tags": {
              "orcl-cloud.free-tier-retained": "true"
            },
            "time_created": "2023-10-13 05:40:38.55 +0000 UTC",
            "time_data_guard_role_changed": null,
            "time_deletion_of_free_autonomous_database": null,
            "time_disaster_recovery_role_changed": null,
            "time_local_data_guard_enabled": null,
            "time_maintenance_begin": "2023-10-14 05:00:00 +0000 UTC",
            "time_maintenance_end": "2023-10-14 07:00:00 +0000 UTC",
            "time_of_last_failover": null,
            "time_of_last_refresh": null,
            "time_of_last_refresh_point": null,
            "time_of_last_switchover": null,
            "time_of_next_refresh": null,
            "time_reclamation_of_free_autonomous_database": null,
            "time_until_reconnect_clone_enabled": null,
            "timeouts": null,
            "timestamp": null,
            "total_backup_storage_size_in_gbs": null,
            "use_latest_available_backup_time_stamp": null,
            "used_data_storage_size_in_gbs": null,
            "used_data_storage_size_in_tbs": null,
            "vault_id": null,
            "whitelisted_ips": [
              "164.152.105.114",
              "186.15.124.245",
              "186.177.188.34"
            ]
          },
          "sensitive_attributes": [],
          "private": "eyJlMmJmYjczMC1lY2FhLTExZTYtOGY4OC0zNDM2M2JjN2M0YzAiOnsiY3JlYXRlIjo0MzIwMDAwMDAwMDAwMCwiZGVsZXRlIjo0MzIwMDAwMDAwMDAwMCwidXBkYXRlIjo0MzIwMDAwMDAwMDAwMH19",
          "dependencies": [
            "data.cloudinit_config.vm01",
            "data.oci_identity_availability_domains.ads",
            "oci_core_instance.vm01",
            "oci_core_internet_gateway.ig",
            "oci_core_route_table.public_rt",
            "oci_core_security_list.security_list",
            "oci_core_subnet.public",
            "oci_core_vcn.network"
          ]
        }
      ]
    },
    {
      "mode": "managed",
      "type": "oci_nosql_table",
      "name": "logs_table",
      "provider": "provider[\"registry.terraform.io/oracle/oci\"]",
      "instances": [
        {
          "schema_version": 0,
          "attributes": {
            "compartment_id": "ocid1.tenancy.oc1..aaaaaaaa22p5zz37ti2o4fo4wgid5iqaekkaxnykgycssznueu4kfz5272uq",
            "ddl_statement": "CREATE TABLE if not exists ic4302_logs (logId INTEGER, title STRING, bagInfo JSON, PRIMARY KEY (logId))",
            "defined_tags": {
              "Oracle-Tags.CreatedBy": "default/davidsuarez2001@estudiantec.cr",
              "Oracle-Tags.CreatedOn": "2023-10-13T05:39:59.183Z"
            },
            "freeform_tags": {},
            "id": "ocid1.nosqltable.oc1.us-chicago-1.amaaaaaafidegeqava6o6aftwuckqeilman3piazcch7koxlzetmcefxveaa",
            "is_auto_reclaimable": false,
            "lifecycle_details": "The resource is ACTIVE",
            "name": "ic4302_logs",
            "schema": [
              {
                "columns": [
                  {
                    "default_value": "",
                    "is_as_uuid": false,
                    "is_generated": false,
                    "is_nullable": false,
                    "name": "logId",
                    "type": "INTEGER"
                  },
                  {
                    "default_value": "",
                    "is_as_uuid": false,
                    "is_generated": false,
                    "is_nullable": true,
                    "name": "title",
                    "type": "STRING"
                  },
                  {
                    "default_value": "",
                    "is_as_uuid": false,
                    "is_generated": false,
                    "is_nullable": true,
                    "name": "bagInfo",
                    "type": "JSON"
                  }
                ],
                "identity": [],
                "primary_key": [
                  "logId"
                ],
                "shard_key": [
                  "logId"
                ],
                "ttl": 0
              }
            ],
            "state": "ACTIVE",
            "system_tags": {},
            "table_limits": [
              {
                "capacity_mode": "PROVISIONED",
                "max_read_units": 1,
                "max_storage_in_gbs": 1,
                "max_write_units": 1
              }
            ],
            "time_created": "2023-10-13 05:39:59.487 +0000 UTC",
            "time_of_expiration": null,
            "time_updated": "2023-10-13 05:40:01.272 +0000 UTC",
            "timeouts": null
          },
          "sensitive_attributes": [],
          "private": "eyJlMmJmYjczMC1lY2FhLTExZTYtOGY4OC0zNDM2M2JjN2M0YzAiOnsiY3JlYXRlIjoxMjAwMDAwMDAwMDAwLCJkZWxldGUiOjEyMDAwMDAwMDAwMDAsInVwZGF0ZSI6MTIwMDAwMDAwMDAwMH19"
        }
      ]
    },
    {
      "mode": "managed",
      "type": "oci_objectstorage_bucket",
      "name": "bucket",
      "provider": "provider[\"registry.terraform.io/oracle/oci\"]",
      "instances": [
        {
          "schema_version": 0,
          "attributes": {
            "access_type": "NoPublicAccess",
            "approximate_count": "0",
            "approximate_size": "0",
            "auto_tiering": "Disabled",
            "bucket_id": "ocid1.bucket.oc1.us-chicago-1.aaaaaaaaoxadyoyy3hymreu6kmi5ykvdxoa6bmm5w2paa5zfrhpqs476x67a",
            "compartment_id": "ocid1.tenancy.oc1..aaaaaaaa22p5zz37ti2o4fo4wgid5iqaekkaxnykgycssznueu4kfz5272uq",
            "created_by": "ocid1.user.oc1..aaaaaaaahjsrlczdcqcazwhkb3jyotdwq4opnyxr5cx7ctxo3xd5uf7eu25q",
            "defined_tags": {
              "Oracle-Tags.CreatedBy": "default/davidsuarez2001@estudiantec.cr",
              "Oracle-Tags.CreatedOn": "2023-10-13T05:39:59.102Z"
            },
            "etag": "825c2fec-e6da-49b0-b6a5-77503da249ff",
            "freeform_tags": {},
            "id": "n/axixtfvzaioe/b/aaron",
            "is_read_only": false,
            "kms_key_id": null,
            "metadata": null,
            "name": "aaron",
            "namespace": "axixtfvzaioe",
            "object_events_enabled": false,
            "object_lifecycle_policy_etag": null,
            "replication_enabled": false,
            "retention_rules": [],
            "storage_tier": "Standard",
            "time_created": "2023-10-13 05:39:59.107 +0000 UTC",
            "timeouts": null,
            "versioning": "Disabled"
          },
          "sensitive_attributes": [],
          "private": "eyJlMmJmYjczMC1lY2FhLTExZTYtOGY4OC0zNDM2M2JjN2M0YzAiOnsiY3JlYXRlIjoxMjAwMDAwMDAwMDAwLCJkZWxldGUiOjEyMDAwMDAwMDAwMDAsInVwZGF0ZSI6MTIwMDAwMDAwMDAwMH19",
          "dependencies": [
            "data.oci_objectstorage_namespace.namespace"
          ]
        }
      ]
    }
  ],
  "check_results": null
}
