dependencies:
- name: mariadb
  repository: https://charts.bitnami.com/bitnami
  version: 11.4.6
- name: mongodb
  repository: https://charts.bitnami.com/bitnami
  version: 13.6.7
- name: postgresql-ha
  repository: https://charts.bitnami.com/bitnami
  version: 11.1.2
- name: mariadb-galera
  repository: https://charts.bitnami.com/bitnami
  version: 7.4.14
- name: postgresql
  repository: https://charts.bitnami.com/bitnami
  version: 11.8.1
- name: prometheus-elasticsearch-exporter
  repository: https://prometheus-community.github.io/helm-charts
  version: 5.1.0
digest: sha256:eadb00f03762a3f5d60ed2738af946622beec89325d203c9cefa728e0bfde3ae
generated: "2023-08-28T13:10:28.4718108-06:00"
